
Microsoft Visual Studio Solution File, Format Version 12.00
# Visual Studio Version 17
VisualStudioVersion = 17.11.35312.102
MinimumVisualStudioVersion = 10.0.40219.1
Project("{9A19103F-16F7-4668-BE54-9A1E7A4F7556}") = "ArtifactsMMO.NET", "src\ArtifactsMMO.NET\ArtifactsMMO.NET.csproj", "{A2EFA1D8-4B1C-409D-805A-4BD05662AB1D}"
EndProject
Project("{FAE04EC0-301F-11D3-BF4B-00C04F79EFBC}") = "ArtifactsMMO.NET.DependencyInjection.Extensions", "src\ArtifactsMMO.NET.DependencyInjection.Extensions\ArtifactsMMO.NET.DependencyInjection.Extensions.csproj", "{037F00AD-0628-4BDD-9EA3-5AED2C148B72}"
EndProject
Global
	GlobalSection(SolutionConfigurationPlatforms) = preSolution
		Debug|Any CPU = Debug|Any CPU
		Release|Any CPU = Release|Any CPU
	EndGlobalSection
	GlobalSection(ProjectConfigurationPlatforms) = postSolution
		{A2EFA1D8-4B1C-409D-805A-4BD05662AB1D}.Debug|Any CPU.ActiveCfg = Debug|Any CPU
		{A2EFA1D8-4B1C-409D-805A-4BD05662AB1D}.Debug|Any CPU.Build.0 = Debug|Any CPU
		{A2EFA1D8-4B1C-409D-805A-4BD05662AB1D}.Release|Any CPU.ActiveCfg = Release|Any CPU
		{A2EFA1D8-4B1C-409D-805A-4BD05662AB1D}.Release|Any CPU.Build.0 = Release|Any CPU
		{037F00AD-0628-4BDD-9EA3-5AED2C148B72}.Debug|Any CPU.ActiveCfg = Debug|Any CPU
		{037F00AD-0628-4BDD-9EA3-5AED2C148B72}.Debug|Any CPU.Build.0 = Debug|Any CPU
		{037F00AD-0628-4BDD-9EA3-5AED2C148B72}.Release|Any CPU.ActiveCfg = Release|Any CPU
		{037F00AD-0628-4BDD-9EA3-5AED2C148B72}.Release|Any CPU.Build.0 = Release|Any CPU
	EndGlobalSection
	GlobalSection(SolutionProperties) = preSolution
		HideSolutionNode = FALSE
	EndGlobalSection
	GlobalSection(ExtensibilityGlobals) = postSolution
		SolutionGuid = {4227924C-92AD-475D-901A-D787B840843E}
	EndGlobalSection
EndGlobal
